
Microsoft Visual Studio Solution File, Format Version 12.00
# Visual Studio Version 17
VisualStudioVersion = 17.1.32210.238
MinimumVisualStudioVersion = 10.0.40219.1
Project("{8BC9CEB8-8B4A-11D0-8D11-00A0C91BC942}") = "PP01", "PP01\PP01.vcxproj", "{81A5C7E1-E9F3-4DCC-A082-9B872D78D338}"
EndProject
Project("{8BC9CEB8-8B4A-11D0-8D11-00A0C91BC942}") = "PP02", "PP02\PP02.vcxproj", "{8B2670E5-555C-4041-B6B9-655E1906325F}"
EndProject
Project("{8BC9CEB8-8B4A-11D0-8D11-00A0C91BC942}") = "PP03", "PP03\PP03.vcxproj", "{A96E1862-1F81-4F17-B3A7-E08C6042C1CB}"
EndProject
Project("{8BC9CEB8-8B4A-11D0-8D11-00A0C91BC942}") = "PP04", "PP04\PP04.vcxproj", "{21C47A94-F9E0-400C-8F2F-8383FCDC1863}"
EndProject
Project("{8BC9CEB8-8B4A-11D0-8D11-00A0C91BC942}") = "PP08_OpenGL", "PP07\PP07.vcxproj", "{BE8BCB3F-26CF-4DE3-A974-575680F78DD5}"
EndProject
Project("{8BC9CEB8-8B4A-11D0-8D11-00A0C91BC942}") = "PP05", "PP05\PP05.vcxproj", "{F1EEF9CE-011A-4B71-9B16-04DF49C1F7EE}"
EndProject
Project("{8BC9CEB8-8B4A-11D0-8D11-00A0C91BC942}") = "PP06-Template", "PP06-Template\PP06-Template.vcxproj", "{D7EC5446-3B74-4BF1-988D-337765495B42}"
EndProject
Project("{8BC9CEB8-8B4A-11D0-8D11-00A0C91BC942}") = "PP07-GLFW", "PP07-GLFW\PP07-GLFW.vcxproj", "{B7B28E89-5C1E-4FD0-A852-093F7950F476}"
EndProject
Project("{8BC9CEB8-8B4A-11D0-8D11-00A0C91BC942}") = "PP11", "PP11\PP11.vcxproj", "{03180D6C-A90A-4CB3-A1DB-561877DABDED}"
EndProject
Project("{8BC9CEB8-8B4A-11D0-8D11-00A0C91BC942}") = "PP12_Bitmap", "PP12_Bitmap\PP12_Bitmap.vcxproj", "{B7BC4C34-7FF5-4D23-9FCC-42FDA2F6CE89}"
EndProject
Project("{8BC9CEB8-8B4A-11D0-8D11-00A0C91BC942}") = "PP12_Texture", "PP12_Texture\PP12_Texture.vcxproj", "{32527134-9911-49C4-8033-5DE30CCCB05E}"
EndProject
Project("{8BC9CEB8-8B4A-11D0-8D11-00A0C91BC942}") = "PP13", "PP13\PP13.vcxproj", "{92854E9B-08DA-4CF0-B7D1-B3A702DCCB47}"
EndProject
Global
	GlobalSection(SolutionConfigurationPlatforms) = preSolution
		Debug|x64 = Debug|x64
		Debug|x86 = Debug|x86
		Release|x64 = Release|x64
		Release|x86 = Release|x86
	EndGlobalSection
	GlobalSection(ProjectConfigurationPlatforms) = postSolution
		{81A5C7E1-E9F3-4DCC-A082-9B872D78D338}.Debug|x64.ActiveCfg = Debug|x64
		{81A5C7E1-E9F3-4DCC-A082-9B872D78D338}.Debug|x64.Build.0 = Debug|x64
		{81A5C7E1-E9F3-4DCC-A082-9B872D78D338}.Debug|x86.ActiveCfg = Debug|Win32
		{81A5C7E1-E9F3-4DCC-A082-9B872D78D338}.Debug|x86.Build.0 = Debug|Win32
		{81A5C7E1-E9F3-4DCC-A082-9B872D78D338}.Release|x64.ActiveCfg = Release|x64
		{81A5C7E1-E9F3-4DCC-A082-9B872D78D338}.Release|x64.Build.0 = Release|x64
		{81A5C7E1-E9F3-4DCC-A082-9B872D78D338}.Release|x86.ActiveCfg = Release|Win32
		{81A5C7E1-E9F3-4DCC-A082-9B872D78D338}.Release|x86.Build.0 = Release|Win32
		{8B2670E5-555C-4041-B6B9-655E1906325F}.Debug|x64.ActiveCfg = Debug|x64
		{8B2670E5-555C-4041-B6B9-655E1906325F}.Debug|x64.Build.0 = Debug|x64
		{8B2670E5-555C-4041-B6B9-655E1906325F}.Debug|x86.ActiveCfg = Debug|Win32
		{8B2670E5-555C-4041-B6B9-655E1906325F}.Debug|x86.Build.0 = Debug|Win32
		{8B2670E5-555C-4041-B6B9-655E1906325F}.Release|x64.ActiveCfg = Release|x64
		{8B2670E5-555C-4041-B6B9-655E1906325F}.Release|x64.Build.0 = Release|x64
		{8B2670E5-555C-4041-B6B9-655E1906325F}.Release|x86.ActiveCfg = Release|Win32
		{8B2670E5-555C-4041-B6B9-655E1906325F}.Release|x86.Build.0 = Release|Win32
		{A96E1862-1F81-4F17-B3A7-E08C6042C1CB}.Debug|x64.ActiveCfg = Debug|x64
		{A96E1862-1F81-4F17-B3A7-E08C6042C1CB}.Debug|x64.Build.0 = Debug|x64
		{A96E1862-1F81-4F17-B3A7-E08C6042C1CB}.Debug|x86.ActiveCfg = Debug|Win32
		{A96E1862-1F81-4F17-B3A7-E08C6042C1CB}.Debug|x86.Build.0 = Debug|Win32
		{A96E1862-1F81-4F17-B3A7-E08C6042C1CB}.Release|x64.ActiveCfg = Release|x64
		{A96E1862-1F81-4F17-B3A7-E08C6042C1CB}.Release|x64.Build.0 = Release|x64
		{A96E1862-1F81-4F17-B3A7-E08C6042C1CB}.Release|x86.ActiveCfg = Release|Win32
		{A96E1862-1F81-4F17-B3A7-E08C6042C1CB}.Release|x86.Build.0 = Release|Win32
		{21C47A94-F9E0-400C-8F2F-8383FCDC1863}.Debug|x64.ActiveCfg = Debug|x64
		{21C47A94-F9E0-400C-8F2F-8383FCDC1863}.Debug|x64.Build.0 = Debug|x64
		{21C47A94-F9E0-400C-8F2F-8383FCDC1863}.Debug|x86.ActiveCfg = Debug|Win32
		{21C47A94-F9E0-400C-8F2F-8383FCDC1863}.Debug|x86.Build.0 = Debug|Win32
		{21C47A94-F9E0-400C-8F2F-8383FCDC1863}.Release|x64.ActiveCfg = Release|x64
		{21C47A94-F9E0-400C-8F2F-8383FCDC1863}.Release|x64.Build.0 = Release|x64
		{21C47A94-F9E0-400C-8F2F-8383FCDC1863}.Release|x86.ActiveCfg = Release|Win32
		{21C47A94-F9E0-400C-8F2F-8383FCDC1863}.Release|x86.Build.0 = Release|Win32
		{BE8BCB3F-26CF-4DE3-A974-575680F78DD5}.Debug|x64.ActiveCfg = Debug|x64
		{BE8BCB3F-26CF-4DE3-A974-575680F78DD5}.Debug|x64.Build.0 = Debug|x64
		{BE8BCB3F-26CF-4DE3-A974-575680F78DD5}.Debug|x86.ActiveCfg = Debug|Win32
		{BE8BCB3F-26CF-4DE3-A974-575680F78DD5}.Debug|x86.Build.0 = Debug|Win32
		{BE8BCB3F-26CF-4DE3-A974-575680F78DD5}.Release|x64.ActiveCfg = Release|x64
		{BE8BCB3F-26CF-4DE3-A974-575680F78DD5}.Release|x64.Build.0 = Release|x64
		{BE8BCB3F-26CF-4DE3-A974-575680F78DD5}.Release|x86.ActiveCfg = Release|Win32
		{BE8BCB3F-26CF-4DE3-A974-575680F78DD5}.Release|x86.Build.0 = Release|Win32
		{F1EEF9CE-011A-4B71-9B16-04DF49C1F7EE}.Debug|x64.ActiveCfg = Debug|x64
		{F1EEF9CE-011A-4B71-9B16-04DF49C1F7EE}.Debug|x64.Build.0 = Debug|x64
		{F1EEF9CE-011A-4B71-9B16-04DF49C1F7EE}.Debug|x86.ActiveCfg = Debug|Win32
		{F1EEF9CE-011A-4B71-9B16-04DF49C1F7EE}.Debug|x86.Build.0 = Debug|Win32
		{F1EEF9CE-011A-4B71-9B16-04DF49C1F7EE}.Release|x64.ActiveCfg = Release|x64
		{F1EEF9CE-011A-4B71-9B16-04DF49C1F7EE}.Release|x64.Build.0 = Release|x64
		{F1EEF9CE-011A-4B71-9B16-04DF49C1F7EE}.Release|x86.ActiveCfg = Release|Win32
		{F1EEF9CE-011A-4B71-9B16-04DF49C1F7EE}.Release|x86.Build.0 = Release|Win32
		{D7EC5446-3B74-4BF1-988D-337765495B42}.Debug|x64.ActiveCfg = Debug|x64
		{D7EC5446-3B74-4BF1-988D-337765495B42}.Debug|x64.Build.0 = Debug|x64
		{D7EC5446-3B74-4BF1-988D-337765495B42}.Debug|x86.ActiveCfg = Debug|Win32
		{D7EC5446-3B74-4BF1-988D-337765495B42}.Debug|x86.Build.0 = Debug|Win32
		{D7EC5446-3B74-4BF1-988D-337765495B42}.Release|x64.ActiveCfg = Release|x64
		{D7EC5446-3B74-4BF1-988D-337765495B42}.Release|x64.Build.0 = Release|x64
		{D7EC5446-3B74-4BF1-988D-337765495B42}.Release|x86.ActiveCfg = Release|Win32
		{D7EC5446-3B74-4BF1-988D-337765495B42}.Release|x86.Build.0 = Release|Win32
		{B7B28E89-5C1E-4FD0-A852-093F7950F476}.Debug|x64.ActiveCfg = Debug|x64
		{B7B28E89-5C1E-4FD0-A852-093F7950F476}.Debug|x64.Build.0 = Debug|x64
		{B7B28E89-5C1E-4FD0-A852-093F7950F476}.Debug|x86.ActiveCfg = Debug|Win32
		{B7B28E89-5C1E-4FD0-A852-093F7950F476}.Debug|x86.Build.0 = Debug|Win32
		{B7B28E89-5C1E-4FD0-A852-093F7950F476}.Release|x64.ActiveCfg = Release|x64
		{B7B28E89-5C1E-4FD0-A852-093F7950F476}.Release|x64.Build.0 = Release|x64
		{B7B28E89-5C1E-4FD0-A852-093F7950F476}.Release|x86.ActiveCfg = Release|Win32
		{B7B28E89-5C1E-4FD0-A852-093F7950F476}.Release|x86.Build.0 = Release|Win32
		{03180D6C-A90A-4CB3-A1DB-561877DABDED}.Debug|x64.ActiveCfg = Debug|x64
		{03180D6C-A90A-4CB3-A1DB-561877DABDED}.Debug|x64.Build.0 = Debug|x64
		{03180D6C-A90A-4CB3-A1DB-561877DABDED}.Debug|x86.ActiveCfg = Debug|Win32
		{03180D6C-A90A-4CB3-A1DB-561877DABDED}.Debug|x86.Build.0 = Debug|Win32
		{03180D6C-A90A-4CB3-A1DB-561877DABDED}.Release|x64.ActiveCfg = Release|x64
		{03180D6C-A90A-4CB3-A1DB-561877DABDED}.Release|x64.Build.0 = Release|x64
		{03180D6C-A90A-4CB3-A1DB-561877DABDED}.Release|x86.ActiveCfg = Release|Win32
		{03180D6C-A90A-4CB3-A1DB-561877DABDED}.Release|x86.Build.0 = Release|Win32
		{B7BC4C34-7FF5-4D23-9FCC-42FDA2F6CE89}.Debug|x64.ActiveCfg = Debug|x64
		{B7BC4C34-7FF5-4D23-9FCC-42FDA2F6CE89}.Debug|x64.Build.0 = Debug|x64
		{B7BC4C34-7FF5-4D23-9FCC-42FDA2F6CE89}.Debug|x86.ActiveCfg = Debug|Win32
		{B7BC4C34-7FF5-4D23-9FCC-42FDA2F6CE89}.Debug|x86.Build.0 = Debug|Win32
		{B7BC4C34-7FF5-4D23-9FCC-42FDA2F6CE89}.Release|x64.ActiveCfg = Release|x64
		{B7BC4C34-7FF5-4D23-9FCC-42FDA2F6CE89}.Release|x64.Build.0 = Release|x64
		{B7BC4C34-7FF5-4D23-9FCC-42FDA2F6CE89}.Release|x86.ActiveCfg = Release|Win32
		{B7BC4C34-7FF5-4D23-9FCC-42FDA2F6CE89}.Release|x86.Build.0 = Release|Win32
		{32527134-9911-49C4-8033-5DE30CCCB05E}.Debug|x64.ActiveCfg = Debug|x64
		{32527134-9911-49C4-8033-5DE30CCCB05E}.Debug|x64.Build.0 = Debug|x64
		{32527134-9911-49C4-8033-5DE30CCCB05E}.Debug|x86.ActiveCfg = Debug|Win32
		{32527134-9911-49C4-8033-5DE30CCCB05E}.Debug|x86.Build.0 = Debug|Win32
		{32527134-9911-49C4-8033-5DE30CCCB05E}.Release|x64.ActiveCfg = Release|x64
		{32527134-9911-49C4-8033-5DE30CCCB05E}.Release|x64.Build.0 = Release|x64
		{32527134-9911-49C4-8033-5DE30CCCB05E}.Release|x86.ActiveCfg = Release|Win32
		{32527134-9911-49C4-8033-5DE30CCCB05E}.Release|x86.Build.0 = Release|Win32
		{92854E9B-08DA-4CF0-B7D1-B3A702DCCB47}.Debug|x64.ActiveCfg = Debug|x64
		{92854E9B-08DA-4CF0-B7D1-B3A702DCCB47}.Debug|x64.Build.0 = Debug|x64
		{92854E9B-08DA-4CF0-B7D1-B3A702DCCB47}.Debug|x86.ActiveCfg = Debug|Win32
		{92854E9B-08DA-4CF0-B7D1-B3A702DCCB47}.Debug|x86.Build.0 = Debug|Win32
		{92854E9B-08DA-4CF0-B7D1-B3A702DCCB47}.Release|x64.ActiveCfg = Release|x64
		{92854E9B-08DA-4CF0-B7D1-B3A702DCCB47}.Release|x64.Build.0 = Release|x64
		{92854E9B-08DA-4CF0-B7D1-B3A702DCCB47}.Release|x86.ActiveCfg = Release|Win32
		{92854E9B-08DA-4CF0-B7D1-B3A702DCCB47}.Release|x86.Build.0 = Release|Win32
	EndGlobalSection
	GlobalSection(SolutionProperties) = preSolution
		HideSolutionNode = FALSE
	EndGlobalSection
	GlobalSection(ExtensibilityGlobals) = postSolution
		SolutionGuid = {5D9B8E45-B5FD-401C-84AE-722FA0B30BC7}
	EndGlobalSection
EndGlobal
