
Microsoft Visual Studio Solution File, Format Version 12.00
# Visual Studio Version 17
VisualStudioVersion = 17.1.32210.238
MinimumVisualStudioVersion = 10.0.40219.1
Project("{8BC9CEB8-8B4A-11D0-8D11-00A0C91BC942}") = "PP01", "PP01\PP01.vcxproj", "{81A5C7E1-E9F3-4DCC-A082-9B872D78D338}"
EndProject
Project("{8BC9CEB8-8B4A-11D0-8D11-00A0C91BC942}") = "PP02", "PP02\PP02.vcxproj", "{8B2670E5-555C-4041-B6B9-655E1906325F}"
EndProject
Project("{8BC9CEB8-8B4A-11D0-8D11-00A0C91BC942}") = "PP03", "PP03\PP03.vcxproj", "{A96E1862-1F81-4F17-B3A7-E08C6042C1CB}"
EndProject
Project("{8BC9CEB8-8B4A-11D0-8D11-00A0C91BC942}") = "PP04", "PP04\PP04.vcxproj", "{21C47A94-F9E0-400C-8F2F-8383FCDC1863}"
EndProject
Global
	GlobalSection(SolutionConfigurationPlatforms) = preSolution
		Debug|x64 = Debug|x64
		Debug|x86 = Debug|x86
		Release|x64 = Release|x64
		Release|x86 = Release|x86
	EndGlobalSection
	GlobalSection(ProjectConfigurationPlatforms) = postSolution
		{81A5C7E1-E9F3-4DCC-A082-9B872D78D338}.Debug|x64.ActiveCfg = Debug|x64
		{81A5C7E1-E9F3-4DCC-A082-9B872D78D338}.Debug|x64.Build.0 = Debug|x64
		{81A5C7E1-E9F3-4DCC-A082-9B872D78D338}.Debug|x86.ActiveCfg = Debug|Win32
		{81A5C7E1-E9F3-4DCC-A082-9B872D78D338}.Debug|x86.Build.0 = Debug|Win32
		{81A5C7E1-E9F3-4DCC-A082-9B872D78D338}.Release|x64.ActiveCfg = Release|x64
		{81A5C7E1-E9F3-4DCC-A082-9B872D78D338}.Release|x64.Build.0 = Release|x64
		{81A5C7E1-E9F3-4DCC-A082-9B872D78D338}.Release|x86.ActiveCfg = Release|Win32
		{81A5C7E1-E9F3-4DCC-A082-9B872D78D338}.Release|x86.Build.0 = Release|Win32
		{8B2670E5-555C-4041-B6B9-655E1906325F}.Debug|x64.ActiveCfg = Debug|x64
		{8B2670E5-555C-4041-B6B9-655E1906325F}.Debug|x64.Build.0 = Debug|x64
		{8B2670E5-555C-4041-B6B9-655E1906325F}.Debug|x86.ActiveCfg = Debug|Win32
		{8B2670E5-555C-4041-B6B9-655E1906325F}.Debug|x86.Build.0 = Debug|Win32
		{8B2670E5-555C-4041-B6B9-655E1906325F}.Release|x64.ActiveCfg = Release|x64
		{8B2670E5-555C-4041-B6B9-655E1906325F}.Release|x64.Build.0 = Release|x64
		{8B2670E5-555C-4041-B6B9-655E1906325F}.Release|x86.ActiveCfg = Release|Win32
		{8B2670E5-555C-4041-B6B9-655E1906325F}.Release|x86.Build.0 = Release|Win32
		{A96E1862-1F81-4F17-B3A7-E08C6042C1CB}.Debug|x64.ActiveCfg = Debug|x64
		{A96E1862-1F81-4F17-B3A7-E08C6042C1CB}.Debug|x64.Build.0 = Debug|x64
		{A96E1862-1F81-4F17-B3A7-E08C6042C1CB}.Debug|x86.ActiveCfg = Debug|Win32
		{A96E1862-1F81-4F17-B3A7-E08C6042C1CB}.Debug|x86.Build.0 = Debug|Win32
		{A96E1862-1F81-4F17-B3A7-E08C6042C1CB}.Release|x64.ActiveCfg = Release|x64
		{A96E1862-1F81-4F17-B3A7-E08C6042C1CB}.Release|x64.Build.0 = Release|x64
		{A96E1862-1F81-4F17-B3A7-E08C6042C1CB}.Release|x86.ActiveCfg = Release|Win32
		{A96E1862-1F81-4F17-B3A7-E08C6042C1CB}.Release|x86.Build.0 = Release|Win32
		{21C47A94-F9E0-400C-8F2F-8383FCDC1863}.Debug|x64.ActiveCfg = Debug|x64
		{21C47A94-F9E0-400C-8F2F-8383FCDC1863}.Debug|x64.Build.0 = Debug|x64
		{21C47A94-F9E0-400C-8F2F-8383FCDC1863}.Debug|x86.ActiveCfg = Debug|Win32
		{21C47A94-F9E0-400C-8F2F-8383FCDC1863}.Debug|x86.Build.0 = Debug|Win32
		{21C47A94-F9E0-400C-8F2F-8383FCDC1863}.Release|x64.ActiveCfg = Release|x64
		{21C47A94-F9E0-400C-8F2F-8383FCDC1863}.Release|x64.Build.0 = Release|x64
		{21C47A94-F9E0-400C-8F2F-8383FCDC1863}.Release|x86.ActiveCfg = Release|Win32
		{21C47A94-F9E0-400C-8F2F-8383FCDC1863}.Release|x86.Build.0 = Release|Win32
	EndGlobalSection
	GlobalSection(SolutionProperties) = preSolution
		HideSolutionNode = FALSE
	EndGlobalSection
	GlobalSection(ExtensibilityGlobals) = postSolution
		SolutionGuid = {5D9B8E45-B5FD-401C-84AE-722FA0B30BC7}
	EndGlobalSection
EndGlobal
